github.com/TheTitanrain/w32 v0.0.0-20180517000239-4f5cfb03fabf h1:FPsprx82rdrX2jiKyS17BH6IrTmUBYqZa/CXT4uvb+I=
github.com/TheTitanrain/w32 v0.0.0-20180517000239-4f5cfb03fabf/go.mod h1:peYoMncQljjNS6tZwI9WVyQB3qZS6u79/N3mBOcnd3I=
github.com/abdfnx/gosh v0.4.0 h1:cBvmHw8yV3oXiAcORpi7Oip+MT6/5HBMOrvpn0cZNYM=
github.com/abdfnx/gosh v0.4.0/go.mod h1:MUTJRMc7FpBb/bFnZ2U0hj48zj8284J1cS3AUiIRZ/o=
github.com/christianhujer/isheadless v0.0.0-20181114123347-cbcc774d58b8 h1:DnYXuSpOSrPTdugQCwRSMC98/Bw3XlZWkUMX57K/OTU=
github.com/christianhujer/isheadless v0.0.0-20181114123347-cbcc774d58b8/go.mod h1:wuBdElDmt1bBV1BNwQG5suCgEFosFhqkvpSJJemGz1A=
github.com/sqweek/dialog v0.0.0-20240226140203-065105509627 h1:2JL2wmHXWIAxDofCK+AdkFi1KEg3dgkefCsm7isADzQ=
github.com/sqweek/dialog v0.0.0-20240226140203-065105509627/go.mod h1:/qNPSY91qTz/8TgHEMioAUc6q7+3SOybeKczHMXFcXw=
golang.org/x/sys v0.36.0 h1:KVRy2GtZBrk1cBYA7MKu5bEZFxQk4NIDV6RLVcC8o0k=
golang.org/x/sys v0.36.0/go.mod h1:OgkHotnGiDImocRcuBABYBEXf8A9a87e/uXjp9XT3ks=
golang.org/x/term v0.35.0 h1:bZBVKBudEyhRcajGcNc3jIfWPqV4y/Kt2XcoigOWtDQ=
golang.org/x/term v0.35.0/go.mod h1:TPGtkTLesOwf2DE8CgVYiZinHAOuy5AYUYT1lENIZnA=
